{
  "name": "demo",
  "version": "1.0.0",
  "lockfileVersion": 1,
  "requires": true,
  "dependencies": {
    "ibm-aug-greet": {
      "version": "2.0.0",
      "resolved": "https://registry.npmjs.org/ibm-aug-greet/-/ibm-aug-greet-2.0.0.tgz",
      "integrity": "sha512-XNP7+35nOrRMt4prS5DmOyZs1FPdcdd1bnlwfdMeluUquAUQz7kvDsHTn094C1hWtMrznoSnp5NZIzcr+c3CNQ=="
    }
  }
}
